
Microsoft Visual Studio Solution File, Format Version 12.00
# Visual Studio 15
VisualStudioVersion = 15.0.28010.2041
MinimumVisualStudioVersion = 10.0.40219.1
Project("{FAE04EC0-301F-11D3-BF4B-00C04F79EFBC}") = "BoVoyageMVC", "BoVoyageMVC\BoVoyageMVC.csproj", "{D0C2B9A2-8035-4A9D-8B64-6F4043283379}"
EndProject
Project("{FAE04EC0-301F-11D3-BF4B-00C04F79EFBC}") = "BoVoyageMVC.Tests", "BoVoyageMVC.Tests\BoVoyageMVC.Tests.csproj", "{74FA40D7-B0A2-4031-9635-662F935FEBBA}"
EndProject
Global
	GlobalSection(SolutionConfigurationPlatforms) = preSolution
		Debug|Any CPU = Debug|Any CPU
		Release|Any CPU = Release|Any CPU
	EndGlobalSection
	GlobalSection(ProjectConfigurationPlatforms) = postSolution
		{D0C2B9A2-8035-4A9D-8B64-6F4043283379}.Debug|Any CPU.ActiveCfg = Debug|Any CPU
		{D0C2B9A2-8035-4A9D-8B64-6F4043283379}.Debug|Any CPU.Build.0 = Debug|Any CPU
		{D0C2B9A2-8035-4A9D-8B64-6F4043283379}.Release|Any CPU.ActiveCfg = Release|Any CPU
		{D0C2B9A2-8035-4A9D-8B64-6F4043283379}.Release|Any CPU.Build.0 = Release|Any CPU
		{74FA40D7-B0A2-4031-9635-662F935FEBBA}.Debug|Any CPU.ActiveCfg = Debug|Any CPU
		{74FA40D7-B0A2-4031-9635-662F935FEBBA}.Debug|Any CPU.Build.0 = Debug|Any CPU
		{74FA40D7-B0A2-4031-9635-662F935FEBBA}.Release|Any CPU.ActiveCfg = Release|Any CPU
		{74FA40D7-B0A2-4031-9635-662F935FEBBA}.Release|Any CPU.Build.0 = Release|Any CPU
	EndGlobalSection
	GlobalSection(SolutionProperties) = preSolution
		HideSolutionNode = FALSE
	EndGlobalSection
	GlobalSection(ExtensibilityGlobals) = postSolution
		SolutionGuid = {4E53EA77-AC16-492E-9DCC-93B85A5D544F}
	EndGlobalSection
EndGlobal
